# This file is autogenerated, do not edit; changes may be undone by the next 'dep ensure'.


[[projects]]
  digest = "1:d6afaeed1502aa28e80a4ed0981d570ad91b2579193404256ce672ed0a609e0d"
  name = "github.com/beorn7/perks"
  packages = ["quantile"]
  pruneopts = "UT"
  revision = "37c8de3658fcb183f997c4e13e8337516ab753e6"
  version = "v1.0.1"

[[projects]]
  branch = "master"
  digest = "1:791503b3bbb98b86559abfe6ebdaf86aa930bb5d8cfffa96e688007d7952bbaf"
  name = "github.com/giantswarm/prom-system"
  packages = ["grpc/prom-system"]
  pruneopts = "UT"
  revision = "01eee4ae682a626639300870f296c9d7659c8e01"

[[projects]]
  digest = "1:f5ce1529abc1204444ec73779f44f94e2fa8fcdb7aca3c355b0c95947e4005c6"
  name = "github.com/golang/protobuf"
  packages = [
    "proto",
    "ptypes",
    "ptypes/any",
    "ptypes/duration",
    "ptypes/timestamp",
  ]
  pruneopts = "UT"
  revision = "6c65a5562fc06764971b7c5d05c76c75e84bdbf7"
  version = "v1.3.2"

[[projects]]
  digest = "1:709cd2a2c29cc9b89732f6c24846bbb9d6270f28ef5ef2128cc73bd0d6d7bff9"
  name = "github.com/json-iterator/go"
  packages = ["."]
  pruneopts = "UT"
  revision = "27518f6661eba504be5a7a9a9f6d9460d892ade3"
  version = "v1.1.7"

[[projects]]
  digest = "1:ff5ebae34cfbf047d505ee150de27e60570e8c394b3b8fdbb720ff6ac71985fc"
  name = "github.com/matttproud/golang_protobuf_extensions"
  packages = ["pbutil"]
  pruneopts = "UT"
  revision = "c12348ce28de40eed0136aa2b644d0ee0650e56c"
  version = "v1.0.1"

[[projects]]
  digest = "1:33422d238f147d247752996a26574ac48dcf472976eda7f5134015f06bf16563"
  name = "github.com/modern-go/concurrent"
  packages = ["."]
  pruneopts = "UT"
  revision = "bacd9c7ef1dd9b15be4a9909b8ac7a4e313eec94"
  version = "1.0.3"

[[projects]]
  digest = "1:e32bdbdb7c377a07a9a46378290059822efdce5c8d96fe71940d87cb4f918855"
  name = "github.com/modern-go/reflect2"
  packages = ["."]
  pruneopts = "UT"
  revision = "4b7aa43c6742a2c18fdef89dd197aaae7dac7ccd"
  version = "1.0.1"

[[projects]]
  digest = "1:4cca4ec648e0ef26a6470a364326b6885774ab4df11621456966849ea4fb7ca1"
  name = "github.com/prometheus/client_golang"
  packages = [
    "api",
    "api/prometheus/v1",
    "prometheus",
    "prometheus/internal",
    "prometheus/promhttp",
  ]
  pruneopts = "UT"
  revision = "170205fb58decfd011f1550d4cfb737230d7ae4f"
  version = "v1.1.0"

[[projects]]
  branch = "master"
  digest = "1:2d5cd61daa5565187e1d96bae64dbbc6080dacf741448e9629c64fd93203b0d4"
  name = "github.com/prometheus/client_model"
  packages = ["go"]
  pruneopts = "UT"
  revision = "14fe0d1b01d4d5fc031dd4bec1823bd3ebbe8016"

[[projects]]
  digest = "1:f119e3205d3a1f0f19dbd7038eb37528e2c6f0933269dc344e305951fb87d632"
  name = "github.com/prometheus/common"
  packages = [
    "expfmt",
    "internal/bitbucket.org/ww/goautoneg",
    "model",
  ]
  pruneopts = "UT"
  revision = "287d3e634a1e550c9e463dd7e5a75a422c614505"
  version = "v0.7.0"

[[projects]]
  digest = "1:a210815b437763623ecca8eb91e6a0bf4f2d6773c5a6c9aec0e28f19e5fd6deb"
  name = "github.com/prometheus/procfs"
  packages = [
    ".",
    "internal/fs",
    "internal/util",
  ]
  pruneopts = "UT"
  revision = "499c85531f756d1129edd26485a5f73871eeb308"
  version = "v0.0.5"

[[projects]]
  branch = "master"
  digest = "1:970a34b46fc4d6dcea441fb2f1419c40fa47fd53fc800bbf0951efda11d99df7"
  name = "golang.org/x/net"
  packages = [
    "context",
    "http/httpguts",
    "http2",
    "http2/hpack",
    "idna",
    "internal/timeseries",
    "trace",
  ]
  pruneopts = "UT"
  revision = "a8b05e9114ab0cb08faec337c959aed24b68bf50"

[[projects]]
  branch = "master"
  digest = "1:a5b091dde0eb21c5b964dd2495ef63d739874b8bc646ebaa590f6ab4f5b76dc3"
  name = "golang.org/x/sys"
  packages = [
    "unix",
    "windows",
  ]
  pruneopts = "UT"
  revision = "0c1ff786ef13daa914a3351c5e6b0321aed5960e"

[[projects]]
  digest = "1:8d8faad6b12a3a4c819a3f9618cb6ee1fa1cfc33253abeeea8b55336721e3405"
  name = "golang.org/x/text"
  packages = [
    "collate",
    "collate/build",
    "internal/colltab",
    "internal/gen",
    "internal/language",
    "internal/language/compact",
    "internal/tag",
    "internal/triegen",
    "internal/ucd",
    "language",
    "secure/bidirule",
    "transform",
    "unicode/bidi",
    "unicode/cldr",
    "unicode/norm",
    "unicode/rangetable",
  ]
  pruneopts = "UT"
  revision = "342b2e1fbaa52c93f31447ad2c6abc048c63e475"
  version = "v0.3.2"

[[projects]]
  branch = "master"
  digest = "1:583a0c80f5e3a9343d33aea4aead1e1afcc0043db66fdf961ddd1fe8cd3a4faf"
  name = "google.golang.org/genproto"
  packages = ["googleapis/rpc/status"]
  pruneopts = "UT"
  revision = "f660b865573183437d2d868f703fe88bb8af0b55"

[[projects]]
  digest = "1:2e18183989c76d073e9088f1a56f8b1c46ca920b74b529a50c2d7e5877ff18ac"
  name = "google.golang.org/grpc"
  packages = [
    ".",
    "balancer",
    "balancer/base",
    "balancer/roundrobin",
    "binarylog/grpc_binarylog_v1",
    "codes",
    "connectivity",
    "credentials",
    "credentials/internal",
    "encoding",
    "encoding/proto",
    "grpclog",
    "internal",
    "internal/backoff",
    "internal/balancerload",
    "internal/binarylog",
    "internal/channelz",
    "internal/envconfig",
    "internal/grpcrand",
    "internal/grpcsync",
    "internal/syscall",
    "internal/transport",
    "keepalive",
    "metadata",
    "naming",
    "peer",
    "resolver",
    "resolver/dns",
    "resolver/passthrough",
    "serviceconfig",
    "stats",
    "status",
    "tap",
  ]
  pruneopts = "UT"
  revision = "39e8a7b072a67ca2a75f57fa2e0d50995f5b22f6"
  version = "v1.23.1"

[solve-meta]
  analyzer-name = "dep"
  analyzer-version = 1
  input-imports = [
    "github.com/giantswarm/prom-system/grpc/prom-system",
    "github.com/prometheus/client_golang/api",
    "github.com/prometheus/client_golang/api/prometheus/v1",
    "github.com/prometheus/client_golang/prometheus",
    "github.com/prometheus/client_golang/prometheus/promhttp",
    "github.com/prometheus/common/model",
    "google.golang.org/grpc",
  ]
  solver-name = "gps-cdcl"
  solver-version = 1
